
Microsoft Visual Studio Solution File, Format Version 12.00
# Visual Studio 15
VisualStudioVersion = 15.0.28307.1259
MinimumVisualStudioVersion = 10.0.40219.1
Project("{FAE04EC0-301F-11D3-BF4B-00C04F79EFBC}") = "HackerRankQuestions", "HackerRankQuestions\HackerRankQuestions.csproj", "{0FB1B419-3EB4-4162-BB8C-FD58FEC57316}"
EndProject
Global
	GlobalSection(SolutionConfigurationPlatforms) = preSolution
		Debug|Any CPU = Debug|Any CPU
		Release|Any CPU = Release|Any CPU
	EndGlobalSection
	GlobalSection(ProjectConfigurationPlatforms) = postSolution
		{0FB1B419-3EB4-4162-BB8C-FD58FEC57316}.Debug|Any CPU.ActiveCfg = Debug|Any CPU
		{0FB1B419-3EB4-4162-BB8C-FD58FEC57316}.Debug|Any CPU.Build.0 = Debug|Any CPU
		{0FB1B419-3EB4-4162-BB8C-FD58FEC57316}.Release|Any CPU.ActiveCfg = Release|Any CPU
		{0FB1B419-3EB4-4162-BB8C-FD58FEC57316}.Release|Any CPU.Build.0 = Release|Any CPU
	EndGlobalSection
	GlobalSection(SolutionProperties) = preSolution
		HideSolutionNode = FALSE
	EndGlobalSection
	GlobalSection(ExtensibilityGlobals) = postSolution
		SolutionGuid = {D7EFB814-BF28-4964-B536-22B1CF3E0557}
	EndGlobalSection
EndGlobal
